PODS:
  - Alamofire (5.5.0)
  - MBProgressHUD (1.2.0)

DEPENDENCIES:
  - Alamofire
  - MBProgressHUD

SPEC REPOS:
  trunk:
    - Alamofire
    - MBProgressHUD

SPEC CHECKSUMS:
  Alamofire: 1c4fb5369c3fe93d2857c780d8bbe09f06f97e7c
  MBProgressHUD: 3ee5efcc380f6a79a7cc9b363dd669c5e1ae7406

PODFILE CHECKSUM: 049f01f69c26b87af5d5578caeef7f7b75b8d921

COCOAPODS: 1.11.2
